// !$*UTF8*$!
{
	archiveVersion = 1;
	classes = {
	};
	objectVersion = 55;
	objects = {

/* Begin PBXBuildFile section */
		E1790E8F28BFCAB500C79330 /* FeatureC.docc in Sources */ = {isa = PBXBuildFile; fileRef = E1790E8E28BFCAB500C79330 /* FeatureC.docc */; };
		E1790E9528BFCAB500C79330 /* FeatureC.framework in Frameworks */ = {isa = PBXBuildFile; fileRef = E1790E8A28BFCAB500C79330 /* FeatureC.framework */; };
		E1790E9A28BFCAB500C79330 /* FeatureCTests.swift in Sources */ = {isa = PBXBuildFile; fileRef = E1790E9928BFCAB500C79330 /* FeatureCTests.swift */; };
		E1790E9B28BFCAB500C79330 /* FeatureC.h in Headers */ = {isa = PBXBuildFile; fileRef = E1790E8D28BFCAB500C79330 /* FeatureC.h */; settings = {ATTRIBUTES = (Public, ); }; };
/* End PBXBuildFile section */

/* Begin PBXContainerItemProxy section */
		E1790E9628BFCAB500C79330 /* PBXContainerItemProxy */ = {
			isa = PBXContainerItemProxy;
			containerPortal = E1790E8128BFCAB500C79330 /* Project object */;
			proxyType = 1;
			remoteGlobalIDString = E1790E8928BFCAB500C79330;
			remoteInfo = FeatureC;
		};
/* End PBXContainerItemProxy section */

/* Begin PBXFileReference section */
		E1790E8A28BFCAB500C79330 /* FeatureC.framework */ = {isa = PBXFileReference; explicitFileType = wrapper.framework; includeInIndex = 0; path = FeatureC.framework; sourceTree = BUILT_PRODUCTS_DIR; };
		E1790E8D28BFCAB500C79330 /* FeatureC.h */ = {isa = PBXFileReference; lastKnownFileType = sourcecode.c.h; path = FeatureC.h; sourceTree = "<group>"; };
		E1790E8E28BFCAB500C79330 /* FeatureC.docc */ = {isa = PBXFileReference; lastKnownFileType = folder.documentationcatalog; path = FeatureC.docc; sourceTree = "<group>"; };
		E1790E9428BFCAB500C79330 /* FeatureCTests.xctest */ = {isa = PBXFileReference; explicitFileType = wrapper.cfbundle; includeInIndex = 0; path = FeatureCTests.xctest; sourceTree = BUILT_PRODUCTS_DIR; };
		E1790E9928BFCAB500C79330 /* FeatureCTests.swift */ = {isa = PBXFileReference; lastKnownFileType = sourcecode.swift; path = FeatureCTests.swift; sourceTree = "<group>"; };
/* End PBXFileReference section */

/* Begin PBXFrameworksBuildPhase section */
		E1790E8728BFCAB500C79330 /* Frameworks */ = {
			isa = PBXFrameworksBuildPhase;
			buildActionMask = 2147483647;
			files = (
			);
			runOnlyForDeploymentPostprocessing = 0;
		};
		E1790E9128BFCAB500C79330 /* Frameworks */ = {
			isa = PBXFrameworksBuildPhase;
			buildActionMask = 2147483647;
			files = (
				E1790E9528BFCAB500C79330 /* FeatureC.framework in Frameworks */,
			);
			runOnlyForDeploymentPostprocessing = 0;
		};
/* End PBXFrameworksBuildPhase section */

/* Begin PBXGroup section */
		E1790E8028BFCAB500C79330 = {
			isa = PBXGroup;
			children = (
				E1790E8C28BFCAB500C79330 /* FeatureC */,
				E1790E9828BFCAB500C79330 /* FeatureCTests */,
				E1790E8B28BFCAB500C79330 /* Products */,
			);
			sourceTree = "<group>";
		};
		E1790E8B28BFCAB500C79330 /* Products */ = {
			isa = PBXGroup;
			children = (
				E1790E8A28BFCAB500C79330 /* FeatureC.framework */,
				E1790E9428BFCAB500C79330 /* FeatureCTests.xctest */,
			);
			name = Products;
			sourceTree = "<group>";
		};
		E1790E8C28BFCAB500C79330 /* FeatureC */ = {
			isa = PBXGroup;
			children = (
				E1790E8D28BFCAB500C79330 /* FeatureC.h */,
				E1790E8E28BFCAB500C79330 /* FeatureC.docc */,
			);
			path = FeatureC;
			sourceTree = "<group>";
		};
		E1790E9828BFCAB500C79330 /* FeatureCTests */ = {
			isa = PBXGroup;
			children = (
				E1790E9928BFCAB500C79330 /* FeatureCTests.swift */,
			);
			path = FeatureCTests;
			sourceTree = "<group>";
		};
/* End PBXGroup section */

/* Begin PBXHeadersBuildPhase section */
		E1790E8528BFCAB500C79330 /* Headers */ = {
			isa = PBXHeadersBuildPhase;
			buildActionMask = 2147483647;
			files = (
				E1790E9B28BFCAB500C79330 /* FeatureC.h in Headers */,
			);
			runOnlyForDeploymentPostprocessing = 0;
		};
/* End PBXHeadersBuildPhase section */

/* Begin PBXNativeTarget section */
		E1790E8928BFCAB500C79330 /* FeatureC */ = {
			isa = PBXNativeTarget;
			buildConfigurationList = E1790E9E28BFCAB500C79330 /* Build configuration list for PBXNativeTarget "FeatureC" */;
			buildPhases = (
				E1790E8528BFCAB500C79330 /* Headers */,
				E1790E8628BFCAB500C79330 /* Sources */,
				E1790E8728BFCAB500C79330 /* Frameworks */,
				E1790E8828BFCAB500C79330 /* Resources */,
			);
			buildRules = (
			);
			dependencies = (
			);
			name = FeatureC;
			productName = FeatureC;
			productReference = E1790E8A28BFCAB500C79330 /* FeatureC.framework */;
			productType = "com.apple.product-type.framework";
		};
		E1790E9328BFCAB500C79330 /* FeatureCTests */ = {
			isa = PBXNativeTarget;
			buildConfigurationList = E1790EA128BFCAB500C79330 /* Build configuration list for PBXNativeTarget "FeatureCTests" */;
			buildPhases = (
				E1790E9028BFCAB500C79330 /* Sources */,
				E1790E9128BFCAB500C79330 /* Frameworks */,
				E1790E9228BFCAB500C79330 /* Resources */,
			);
			buildRules = (
			);
			dependencies = (
				E1790E9728BFCAB500C79330 /* PBXTargetDependency */,
			);
			name = FeatureCTests;
			productName = FeatureCTests;
			productReference = E1790E9428BFCAB500C79330 /* FeatureCTests.xctest */;
			productType = "com.apple.product-type.bundle.unit-test";
		};
/* End PBXNativeTarget section */

/* Begin PBXProject section */
		E1790E8128BFCAB500C79330 /* Project object */ = {
			isa = PBXProject;
			attributes = {
				BuildIndependentTargetsInParallel = 1;
				LastSwiftUpdateCheck = 1340;
				LastUpgradeCheck = 1340;
				TargetAttributes = {
					E1790E8928BFCAB500C79330 = {
						CreatedOnToolsVersion = 13.4.1;
					};
					E1790E9328BFCAB500C79330 = {
						CreatedOnToolsVersion = 13.4.1;
					};
				};
			};
			buildConfigurationList = E1790E8428BFCAB500C79330 /* Build configuration list for PBXProject "FeatureC" */;
			compatibilityVersion = "Xcode 13.0";
			developmentRegion = en;
			hasScannedForEncodings = 0;
			knownRegions = (
				en,
				Base,
			);
			mainGroup = E1790E8028BFCAB500C79330;
			productRefGroup = E1790E8B28BFCAB500C79330 /* Products */;
			projectDirPath = "";
			projectRoot = "";
			targets = (
				E1790E8928BFCAB500C79330 /* FeatureC */,
				E1790E9328BFCAB500C79330 /* FeatureCTests */,
			);
		};
/* End PBXProject section */

/* Begin PBXResourcesBuildPhase section */
		E1790E8828BFCAB500C79330 /* Resources */ = {
			isa = PBXResourcesBuildPhase;
			buildActionMask = 2147483647;
			files = (
			);
			runOnlyForDeploymentPostprocessing = 0;
		};
		E1790E9228BFCAB500C79330 /* Resources */ = {
			isa = PBXResourcesBuildPhase;
			buildActionMask = 2147483647;
			files = (
			);
			runOnlyForDeploymentPostprocessing = 0;
		};
/* End PBXResourcesBuildPhase section */

/* Begin PBXSourcesBuildPhase section */
		E1790E8628BFCAB500C79330 /* Sources */ = {
			isa = PBXSourcesBuildPhase;
			buildActionMask = 2147483647;
			files = (
				E1790E8F28BFCAB500C79330 /* FeatureC.docc in Sources */,
			);
			runOnlyForDeploymentPostprocessing = 0;
		};
		E1790E9028BFCAB500C79330 /* Sources */ = {
			isa = PBXSourcesBuildPhase;
			buildActionMask = 2147483647;
			files = (
				E1790E9A28BFCAB500C79330 /* FeatureCTests.swift in Sources */,
			);
			runOnlyForDeploymentPostprocessing = 0;
		};
/* End PBXSourcesBuildPhase section */

/* Begin PBXTargetDependency section */
		E1790E9728BFCAB500C79330 /* PBXTargetDependency */ = {
			isa = PBXTargetDependency;
			target = E1790E8928BFCAB500C79330 /* FeatureC */;
			targetProxy = E1790E9628BFCAB500C79330 /* PBXContainerItemProxy */;
		};
/* End PBXTargetDependency section */

/* Begin XCBuildConfiguration section */
		E1790E9C28BFCAB500C79330 /* Debug */ = {
			isa = XCBuildConfiguration;
			buildSettings = {
				ALWAYS_SEARCH_USER_PATHS = NO;
				CLANG_ANALYZER_NONNULL = YES;
				CLANG_ANALYZER_NUMBER_OBJECT_CONVERSION = YES_AGGRESSIVE;
				CLANG_CXX_LANGUAGE_STANDARD = "gnu++17";
				CLANG_ENABLE_MODULES = YES;
				CLANG_ENABLE_OBJC_ARC = YES;
				CLANG_ENABLE_OBJC_WEAK = YES;
				CLANG_WARN_BLOCK_CAPTURE_AUTORELEASING = YES;
				CLANG_WARN_BOOL_CONVERSION = YES;
				CLANG_WARN_COMMA = YES;
				CLANG_WARN_CONSTANT_CONVERSION = YES;
				CLANG_WARN_DEPRECATED_OBJC_IMPLEMENTATIONS = YES;
				CLANG_WARN_DIRECT_OBJC_ISA_USAGE = YES_ERROR;
				CLANG_WARN_DOCUMENTATION_COMMENTS = YES;
				CLANG_WARN_EMPTY_BODY = YES;
				CLANG_WARN_ENUM_CONVERSION = YES;
				CLANG_WARN_INFINITE_RECURSION = YES;
				CLANG_WARN_INT_CONVERSION = YES;
				CLANG_WARN_NON_LITERAL_NULL_CONVERSION = YES;
				CLANG_WARN_OBJC_IMPLICIT_RETAIN_SELF = YES;
				CLANG_WARN_OBJC_LITERAL_CONVERSION = YES;
				CLANG_WARN_OBJC_ROOT_CLASS = YES_ERROR;
				CLANG_WARN_QUOTED_INCLUDE_IN_FRAMEWORK_HEADER = YES;
				CLANG_WARN_RANGE_LOOP_ANALYSIS = YES;
				CLANG_WARN_STRICT_PROTOTYPES = YES;
				CLANG_WARN_SUSPICIOUS_MOVE = YES;
				CLANG_WARN_UNGUARDED_AVAILABILITY = YES_AGGRESSIVE;
				CLANG_WARN_UNREACHABLE_CODE = YES;
				CLANG_WARN__DUPLICATE_METHOD_MATCH = YES;
				COPY_PHASE_STRIP = NO;
				CURRENT_PROJECT_VERSION = 1;
				DEBUG_INFORMATION_FORMAT = dwarf;
				ENABLE_STRICT_OBJC_MSGSEND = YES;
				ENABLE_TESTABILITY = YES;
				GCC_C_LANGUAGE_STANDARD = gnu11;
				GCC_DYNAMIC_NO_PIC = NO;
				GCC_NO_COMMON_BLOCKS = YES;
				GCC_OPTIMIZATION_LEVEL = 0;
				GCC_PREPROCESSOR_DEFINITIONS = (
					"DEBUG=1",
					"$(inherited)",
				);
				GCC_WARN_64_TO_32_BIT_CONVERSION = YES;
				GCC_WARN_ABOUT_RETURN_TYPE = YES_ERROR;
				GCC_WARN_UNDECLARED_SELECTOR = YES;
				GCC_WARN_UNINITIALIZED_AUTOS = YES_AGGRESSIVE;
				GCC_WARN_UNUSED_FUNCTION = YES;
				GCC_WARN_UNUSED_VARIABLE = YES;
				IPHONEOS_DEPLOYMENT_TARGET = 15.5;
				MTL_ENABLE_DEBUG_INFO = INCLUDE_SOURCE;
				MTL_FAST_MATH = YES;
				ONLY_ACTIVE_ARCH = YES;
				SDKROOT = iphoneos;
				SWIFT_ACTIVE_COMPILATION_CONDITIONS = DEBUG;
				SWIFT_OPTIMIZATION_LEVEL = "-Onone";
				VERSIONING_SYSTEM = "apple-generic";
				VERSION_INFO_PREFIX = "";
			};
			name = Debug;
		};
		E1790E9D28BFCAB500C79330 /* Release */ = {
			isa = XCBuildConfiguration;
			buildSettings = {
				ALWAYS_SEARCH_USER_PATHS = NO;
				CLANG_ANALYZER_NONNULL = YES;
				CLANG_ANALYZER_NUMBER_OBJECT_CONVERSION = YES_AGGRESSIVE;
				CLANG_CXX_LANGUAGE_STANDARD = "gnu++17";
				CLANG_ENABLE_MODULES = YES;
				CLANG_ENABLE_OBJC_ARC = YES;
				CLANG_ENABLE_OBJC_WEAK = YES;
				CLANG_WARN_BLOCK_CAPTURE_AUTORELEASING = YES;
				CLANG_WARN_BOOL_CONVERSION = YES;
				CLANG_WARN_COMMA = YES;
				CLANG_WARN_CONSTANT_CONVERSION = YES;
				CLANG_WARN_DEPRECATED_OBJC_IMPLEMENTATIONS = YES;
				CLANG_WARN_DIRECT_OBJC_ISA_USAGE = YES_ERROR;
				CLANG_WARN_DOCUMENTATION_COMMENTS = YES;
				CLANG_WARN_EMPTY_BODY = YES;
				CLANG_WARN_ENUM_CONVERSION = YES;
				CLANG_WARN_INFINITE_RECURSION = YES;
				CLANG_WARN_INT_CONVERSION = YES;
				CLANG_WARN_NON_LITERAL_NULL_CONVERSION = YES;
				CLANG_WARN_OBJC_IMPLICIT_RETAIN_SELF = YES;
				CLANG_WARN_OBJC_LITERAL_CONVERSION = YES;
				CLANG_WARN_OBJC_ROOT_CLASS = YES_ERROR;
				CLANG_WARN_QUOTED_INCLUDE_IN_FRAMEWORK_HEADER = YES;
				CLANG_WARN_RANGE_LOOP_ANALYSIS = YES;
				CLANG_WARN_STRICT_PROTOTYPES = YES;
				CLANG_WARN_SUSPICIOUS_MOVE = YES;
				CLANG_WARN_UNGUARDED_AVAILABILITY = YES_AGGRESSIVE;
				CLANG_WARN_UNREACHABLE_CODE = YES;
				CLANG_WARN__DUPLICATE_METHOD_MATCH = YES;
				COPY_PHASE_STRIP = NO;
				CURRENT_PROJECT_VERSION = 1;
				DEBUG_INFORMATION_FORMAT = "dwarf-with-dsym";
				ENABLE_NS_ASSERTIONS = NO;
				ENABLE_STRICT_OBJC_MSGSEND = YES;
				GCC_C_LANGUAGE_STANDARD = gnu11;
				GCC_NO_COMMON_BLOCKS = YES;
				GCC_WARN_64_TO_32_BIT_CONVERSION = YES;
				GCC_WARN_ABOUT_RETURN_TYPE = YES_ERROR;
				GCC_WARN_UNDECLARED_SELECTOR = YES;
				GCC_WARN_UNINITIALIZED_AUTOS = YES_AGGRESSIVE;
				GCC_WARN_UNUSED_FUNCTION = YES;
				GCC_WARN_UNUSED_VARIABLE = YES;
				IPHONEOS_DEPLOYMENT_TARGET = 15.5;
				MTL_ENABLE_DEBUG_INFO = NO;
				MTL_FAST_MATH = YES;
				SDKROOT = iphoneos;
				SWIFT_COMPILATION_MODE = wholemodule;
				SWIFT_OPTIMIZATION_LEVEL = "-O";
				VALIDATE_PRODUCT = YES;
				VERSIONING_SYSTEM = "apple-generic";
				VERSION_INFO_PREFIX = "";
			};
			name = Release;
		};
		E1790E9F28BFCAB500C79330 /* Debug */ = {
			isa = XCBuildConfiguration;
			buildSettings = {
				CODE_SIGN_STYLE = Automatic;
				CURRENT_PROJECT_VERSION = 1;
				DEFINES_MODULE = YES;
				DYLIB_COMPATIBILITY_VERSION = 1;
				DYLIB_CURRENT_VERSION = 1;
				DYLIB_INSTALL_NAME_BASE = "@rpath";
				GENERATE_INFOPLIST_FILE = YES;
				INFOPLIST_KEY_NSHumanReadableCopyright = "";
				INSTALL_PATH = "$(LOCAL_LIBRARY_DIR)/Frameworks";
				LD_RUNPATH_SEARCH_PATHS = (
					"$(inherited)",
					"@executable_path/Frameworks",
					"@loader_path/Frameworks",
				);
				MARKETING_VERSION = 1.0;
				PRODUCT_BUNDLE_IDENTIFIER = com.FeatureC;
				PRODUCT_NAME = "$(TARGET_NAME:c99extidentifier)";
				SKIP_INSTALL = YES;
				SWIFT_EMIT_LOC_STRINGS = YES;
				SWIFT_VERSION = 5.0;
				TARGETED_DEVICE_FAMILY = "1,2";
			};
			name = Debug;
		};
		E1790EA028BFCAB500C79330 /* Release */ = {
			isa = XCBuildConfiguration;
			buildSettings = {
				CODE_SIGN_STYLE = Automatic;
				CURRENT_PROJECT_VERSION = 1;
				DEFINES_MODULE = YES;
				DYLIB_COMPATIBILITY_VERSION = 1;
				DYLIB_CURRENT_VERSION = 1;
				DYLIB_INSTALL_NAME_BASE = "@rpath";
				GENERATE_INFOPLIST_FILE = YES;
				INFOPLIST_KEY_NSHumanReadableCopyright = "";
				INSTALL_PATH = "$(LOCAL_LIBRARY_DIR)/Frameworks";
				LD_RUNPATH_SEARCH_PATHS = (
					"$(inherited)",
					"@executable_path/Frameworks",
					"@loader_path/Frameworks",
				);
				MARKETING_VERSION = 1.0;
				PRODUCT_BUNDLE_IDENTIFIER = com.FeatureC;
				PRODUCT_NAME = "$(TARGET_NAME:c99extidentifier)";
				SKIP_INSTALL = YES;
				SWIFT_EMIT_LOC_STRINGS = YES;
				SWIFT_VERSION = 5.0;
				TARGETED_DEVICE_FAMILY = "1,2";
			};
			name = Release;
		};
		E1790EA228BFCAB500C79330 /* Debug */ = {
			isa = XCBuildConfiguration;
			buildSettings = {
				CODE_SIGN_STYLE = Automatic;
				CURRENT_PROJECT_VERSION = 1;
				GENERATE_INFOPLIST_FILE = YES;
				MARKETING_VERSION = 1.0;
				PRODUCT_BUNDLE_IDENTIFIER = com.FeatureCTests;
				PRODUCT_NAME = "$(TARGET_NAME)";
				SWIFT_EMIT_LOC_STRINGS = NO;
				SWIFT_VERSION = 5.0;
				TARGETED_DEVICE_FAMILY = "1,2";
			};
			name = Debug;
		};
		E1790EA328BFCAB500C79330 /* Release */ = {
			isa = XCBuildConfiguration;
			buildSettings = {
				CODE_SIGN_STYLE = Automatic;
				CURRENT_PROJECT_VERSION = 1;
				GENERATE_INFOPLIST_FILE = YES;
				MARKETING_VERSION = 1.0;
				PRODUCT_BUNDLE_IDENTIFIER = com.FeatureCTests;
				PRODUCT_NAME = "$(TARGET_NAME)";
				SWIFT_EMIT_LOC_STRINGS = NO;
				SWIFT_VERSION = 5.0;
				TARGETED_DEVICE_FAMILY = "1,2";
			};
			name = Release;
		};
/* End XCBuildConfiguration section */

/* Begin XCConfigurationList section */
		E1790E8428BFCAB500C79330 /* Build configuration list for PBXProject "FeatureC" */ = {
			isa = XCConfigurationList;
			buildConfigurations = (
				E1790E9C28BFCAB500C79330 /* Debug */,
				E1790E9D28BFCAB500C79330 /* Release */,
			);
			defaultConfigurationIsVisible = 0;
			defaultConfigurationName = Release;
		};
		E1790E9E28BFCAB500C79330 /* Build configuration list for PBXNativeTarget "FeatureC" */ = {
			isa = XCConfigurationList;
			buildConfigurations = (
				E1790E9F28BFCAB500C79330 /* Debug */,
				E1790EA028BFCAB500C79330 /* Release */,
			);
			defaultConfigurationIsVisible = 0;
			defaultConfigurationName = Release;
		};
		E1790EA128BFCAB500C79330 /* Build configuration list for PBXNativeTarget "FeatureCTests" */ = {
			isa = XCConfigurationList;
			buildConfigurations = (
				E1790EA228BFCAB500C79330 /* Debug */,
				E1790EA328BFCAB500C79330 /* Release */,
			);
			defaultConfigurationIsVisible = 0;
			defaultConfigurationName = Release;
		};
/* End XCConfigurationList section */
	};
	rootObject = E1790E8128BFCAB500C79330 /* Project object */;
}
